
Microsoft Visual Studio Solution File, Format Version 12.00
# Visual Studio Version 16
VisualStudioVersion = 16.0.31624.102
MinimumVisualStudioVersion = 10.0.40219.1
Project("{FAE04EC0-301F-11D3-BF4B-00C04F79EFBC}") = "InventoryServiceLibrary", "InventoryServiceLibrary\InventoryServiceLibrary.csproj", "{26711D43-C9D4-4B25-8B16-3C7F9CE13701}"
EndProject
Project("{FAE04EC0-301F-11D3-BF4B-00C04F79EFBC}") = "InventoryServiceHost", "InventoryServiceHost\InventoryServiceHost.csproj", "{B4E87FEB-065F-496F-9D17-646FF5999703}"
EndProject
Project("{FAE04EC0-301F-11D3-BF4B-00C04F79EFBC}") = "TestApp", "TestApp\TestApp.csproj", "{B2684376-8EF6-4BE3-96EF-C6540FAC4071}"
	ProjectSection(ProjectDependencies) = postProject
		{26711D43-C9D4-4B25-8B16-3C7F9CE13701} = {26711D43-C9D4-4B25-8B16-3C7F9CE13701}
	EndProjectSection
EndProject
Project("{FAE04EC0-301F-11D3-BF4B-00C04F79EFBC}") = "InventoryServiceTest", "InventoryServiceTest\InventoryServiceTest.csproj", "{D7799C48-BA4A-4A55-A480-4827D8ABCC95}"
EndProject
Project("{FAE04EC0-301F-11D3-BF4B-00C04F79EFBC}") = "InventoryClient.Wpf", "InventoryClient.Wpf\InventoryClient.Wpf.csproj", "{4642732D-25F9-47C0-BF46-F083847957CC}"
	ProjectSection(ProjectDependencies) = postProject
		{26711D43-C9D4-4B25-8B16-3C7F9CE13701} = {26711D43-C9D4-4B25-8B16-3C7F9CE13701}
	EndProjectSection
EndProject
Project("{FAE04EC0-301F-11D3-BF4B-00C04F79EFBC}") = "InventoryClient.Inventory", "InventoryClient.Inventory\InventoryClient.Inventory.csproj", "{72D20FC8-8155-4C31-9358-76526D73F2A2}"
EndProject
Project("{FAE04EC0-301F-11D3-BF4B-00C04F79EFBC}") = "InventoryClient.Orders", "InventoryClient.Orders\InventoryClient.Orders.csproj", "{45526696-75C4-40AA-9806-D44A32EF50EF}"
EndProject
Project("{FAE04EC0-301F-11D3-BF4B-00C04F79EFBC}") = "InventoryClient.Common", "InventoryClient.Common\InventoryClient.Common.csproj", "{102D943A-9D27-498E-BE82-6ABA6DEDA2E4}"
EndProject
Project("{FAE04EC0-301F-11D3-BF4B-00C04F79EFBC}") = "ListRandomNumbersAndSQLTest", "ListRandomNumbersAndSQLTest\ListRandomNumbersAndSQLTest.csproj", "{9317B5DD-C898-44E0-9F0C-D2158D0785C0}"
EndProject
Global
	GlobalSection(SolutionConfigurationPlatforms) = preSolution
		Debug|Any CPU = Debug|Any CPU
		Release|Any CPU = Release|Any CPU
	EndGlobalSection
	GlobalSection(ProjectConfigurationPlatforms) = postSolution
		{26711D43-C9D4-4B25-8B16-3C7F9CE13701}.Debug|Any CPU.ActiveCfg = Debug|Any CPU
		{26711D43-C9D4-4B25-8B16-3C7F9CE13701}.Debug|Any CPU.Build.0 = Debug|Any CPU
		{26711D43-C9D4-4B25-8B16-3C7F9CE13701}.Release|Any CPU.ActiveCfg = Release|Any CPU
		{26711D43-C9D4-4B25-8B16-3C7F9CE13701}.Release|Any CPU.Build.0 = Release|Any CPU
		{B4E87FEB-065F-496F-9D17-646FF5999703}.Debug|Any CPU.ActiveCfg = Debug|Any CPU
		{B4E87FEB-065F-496F-9D17-646FF5999703}.Debug|Any CPU.Build.0 = Debug|Any CPU
		{B4E87FEB-065F-496F-9D17-646FF5999703}.Release|Any CPU.ActiveCfg = Release|Any CPU
		{B4E87FEB-065F-496F-9D17-646FF5999703}.Release|Any CPU.Build.0 = Release|Any CPU
		{B2684376-8EF6-4BE3-96EF-C6540FAC4071}.Debug|Any CPU.ActiveCfg = Debug|Any CPU
		{B2684376-8EF6-4BE3-96EF-C6540FAC4071}.Debug|Any CPU.Build.0 = Debug|Any CPU
		{B2684376-8EF6-4BE3-96EF-C6540FAC4071}.Release|Any CPU.ActiveCfg = Release|Any CPU
		{B2684376-8EF6-4BE3-96EF-C6540FAC4071}.Release|Any CPU.Build.0 = Release|Any CPU
		{D7799C48-BA4A-4A55-A480-4827D8ABCC95}.Debug|Any CPU.ActiveCfg = Debug|Any CPU
		{D7799C48-BA4A-4A55-A480-4827D8ABCC95}.Debug|Any CPU.Build.0 = Debug|Any CPU
		{D7799C48-BA4A-4A55-A480-4827D8ABCC95}.Release|Any CPU.ActiveCfg = Release|Any CPU
		{D7799C48-BA4A-4A55-A480-4827D8ABCC95}.Release|Any CPU.Build.0 = Release|Any CPU
		{4642732D-25F9-47C0-BF46-F083847957CC}.Debug|Any CPU.ActiveCfg = Debug|Any CPU
		{4642732D-25F9-47C0-BF46-F083847957CC}.Debug|Any CPU.Build.0 = Debug|Any CPU
		{4642732D-25F9-47C0-BF46-F083847957CC}.Release|Any CPU.ActiveCfg = Release|Any CPU
		{4642732D-25F9-47C0-BF46-F083847957CC}.Release|Any CPU.Build.0 = Release|Any CPU
		{72D20FC8-8155-4C31-9358-76526D73F2A2}.Debug|Any CPU.ActiveCfg = Debug|Any CPU
		{72D20FC8-8155-4C31-9358-76526D73F2A2}.Debug|Any CPU.Build.0 = Debug|Any CPU
		{72D20FC8-8155-4C31-9358-76526D73F2A2}.Release|Any CPU.ActiveCfg = Release|Any CPU
		{72D20FC8-8155-4C31-9358-76526D73F2A2}.Release|Any CPU.Build.0 = Release|Any CPU
		{45526696-75C4-40AA-9806-D44A32EF50EF}.Debug|Any CPU.ActiveCfg = Debug|Any CPU
		{45526696-75C4-40AA-9806-D44A32EF50EF}.Debug|Any CPU.Build.0 = Debug|Any CPU
		{45526696-75C4-40AA-9806-D44A32EF50EF}.Release|Any CPU.ActiveCfg = Release|Any CPU
		{45526696-75C4-40AA-9806-D44A32EF50EF}.Release|Any CPU.Build.0 = Release|Any CPU
		{102D943A-9D27-498E-BE82-6ABA6DEDA2E4}.Debug|Any CPU.ActiveCfg = Debug|Any CPU
		{102D943A-9D27-498E-BE82-6ABA6DEDA2E4}.Debug|Any CPU.Build.0 = Debug|Any CPU
		{102D943A-9D27-498E-BE82-6ABA6DEDA2E4}.Release|Any CPU.ActiveCfg = Release|Any CPU
		{102D943A-9D27-498E-BE82-6ABA6DEDA2E4}.Release|Any CPU.Build.0 = Release|Any CPU
		{9317B5DD-C898-44E0-9F0C-D2158D0785C0}.Debug|Any CPU.ActiveCfg = Debug|Any CPU
		{9317B5DD-C898-44E0-9F0C-D2158D0785C0}.Debug|Any CPU.Build.0 = Debug|Any CPU
		{9317B5DD-C898-44E0-9F0C-D2158D0785C0}.Release|Any CPU.ActiveCfg = Release|Any CPU
		{9317B5DD-C898-44E0-9F0C-D2158D0785C0}.Release|Any CPU.Build.0 = Release|Any CPU
	EndGlobalSection
	GlobalSection(SolutionProperties) = preSolution
		HideSolutionNode = FALSE
	EndGlobalSection
	GlobalSection(ExtensibilityGlobals) = postSolution
		SolutionGuid = {4CBF1E7B-7DFC-44F7-B71A-CA665CBB2BED}
	EndGlobalSection
EndGlobal
